
Microsoft Visual Studio Solution File, Format Version 12.00
# Visual Studio Version 16
VisualStudioVersion = 16.0.31613.86
MinimumVisualStudioVersion = 10.0.40219.1
Project("{FAE04EC0-301F-11D3-BF4B-00C04F79EFBC}") = "TabsLabApi", "TabsLabApi\TabsLabApi.csproj", "{8CA39CE8-AA7C-4050-BAEF-CC57D9E99BE4}"
EndProject
Global
	GlobalSection(SolutionConfigurationPlatforms) = preSolution
		Debug|Any CPU = Debug|Any CPU
		Release|Any CPU = Release|Any CPU
	EndGlobalSection
	GlobalSection(ProjectConfigurationPlatforms) = postSolution
		{8CA39CE8-AA7C-4050-BAEF-CC57D9E99BE4}.Debug|Any CPU.ActiveCfg = Debug|Any CPU
		{8CA39CE8-AA7C-4050-BAEF-CC57D9E99BE4}.Debug|Any CPU.Build.0 = Debug|Any CPU
		{8CA39CE8-AA7C-4050-BAEF-CC57D9E99BE4}.Release|Any CPU.ActiveCfg = Release|Any CPU
		{8CA39CE8-AA7C-4050-BAEF-CC57D9E99BE4}.Release|Any CPU.Build.0 = Release|Any CPU
	EndGlobalSection
	GlobalSection(SolutionProperties) = preSolution
		HideSolutionNode = FALSE
	EndGlobalSection
	GlobalSection(ExtensibilityGlobals) = postSolution
		SolutionGuid = {87BA0902-CA8C-4848-BB96-D4F32F8859F5}
	EndGlobalSection
EndGlobal
